version = 1
revision = 3
requires-python = ">=3.12"

[[package]]
name = "agenda"
version = "0.1.0"
source = { virtual = "." }
dependencies = [
    { name = "wxpython" },
]

[package.metadata]
requires-dist = [{ name = "wxpython", specifier = ">=4.2.4" }]

[[package]]
name = "wxpython"
version = "4.2.4"
source = { registry = "https://pypi.org/simple" }
sdist = { url = "https://files.pythonhosted.org/packages/80/6e/b70e6dbdd7cb4f154b7ca424b4c7799f7b067f7a9f4204b8d16d6464648f/wxpython-4.2.4.tar.gz", hash = "sha256:2eb123979c87bcb329e8a2452269d60ff8f9f651e9bf25c67579e53c4ebbae3c", size = 58583054, upload-time = "2025-10-29T13:22:37.726Z" }
wheels = [
    { url = "https://files.pythonhosted.org/packages/eb/83/4359885c6f390235fefffb01bec0c1aa24a61cdcdbba0e857a5dcfbd5042/wxpython-4.2.4-cp312-cp312-macosx_10_13_x86_64.whl", hash = "sha256:a42807f84d504554a78bf7c4d0b8b18ec72de098b578bd4276bf5144b5a698ef", size = 18773068, upload-time = "2025-10-29T04:02:17.416Z" },
    { url = "https://files.pythonhosted.org/packages/90/d8/9d55ef72e004d70a395402391aa5f9bd362253dd560f4c934efb02abe4f6/wxpython-4.2.4-cp312-cp312-macosx_11_0_arm64.whl", hash = "sha256:8b1c5f5c173a90c861f4f3453f2e066e29f258472c76d40f8e2ec16b0389971f", size = 17836963, upload-time = "2025-10-29T04:02:19.646Z" },
    { url = "https://files.pythonhosted.org/packages/ef/1f/ddbb597c3d821d4206f85234736a4f19ef1b8875eefbf8d072ffcc01c1a4/wxpython-4.2.4-cp312-cp312-win32.whl", hash = "sha256:83e45e4d5d139638260c2f23108a94cb8d40bd5eb714d41b1009452e4ec4229a", size = 14507902, upload-time = "2025-10-29T04:02:22.309Z" },
    { url = "https://files.pythonhosted.org/packages/90/c3/dfe74d7eb046612a3e475dce8ffda70341516129a7cb17fd60c8ae143304/wxpython-4.2.4-cp312-cp312-win_amd64.whl", hash = "sha256:c333113be1fcb4e4252890b3e66af016f03432b2fe15b370f38f2a505f5daa74", size = 16549996, upload-time = "2025-10-29T04:02:24.792Z" },
    { url = "https://files.pythonhosted.org/packages/bb/29/5286f960de8079264e7a89ca4b4beae86844520b9521a1497c4908a8cae6/wxpython-4.2.4-cp312-cp312-win_arm64.whl", hash = "sha256:88b7e8cbdb141ebb4e361cd6f3d5595160764f0c05d2d7e03506b53860eb01ab", size = 15534326, upload-time = "2025-10-29T04:02:27.421Z" },
    { url = "https://files.pythonhosted.org/packages/6a/f0/f0ce54fe5ff8fb3d11cd19d69963becdc24e856b639d7e566b87690a67ad/wxpython-4.2.4-cp313-cp313-macosx_10_13_x86_64.whl", hash = "sha256:4ff49e0a0dd08235f00c3df26a0644bc14197ecd8c2361fcea9a7a1dffc1c8db", size = 18776857, upload-time = "2025-10-29T04:02:29.956Z" },
    { url = "https://files.pythonhosted.org/packages/6d/a0/770a91842f65a5586f4a172cd76a770d6e0681a629144345a002f8bcb20d/wxpython-4.2.4-cp313-cp313-macosx_11_0_arm64.whl", hash = "sha256:b2286456eedf8cddeb25adc375e5f4a201d35c8eee7dbb2fce1cb39acc06e809", size = 17838771, upload-time = "2025-10-29T04:02:32.273Z" },
    { url = "https://files.pythonhosted.org/packages/26/a4/57b0110944f62ce37c4e3e5f9f1a116b6df2b7b8a3406a90b95272c211ad/wxpython-4.2.4-cp313-cp313-win32.whl", hash = "sha256:b0920fe193e2bbd90c6d3fbb9a8101f1276229638aff29f66bfe521901c3a0b8", size = 14506941, upload-time = "2025-10-29T04:02:34.513Z" },
    { url = "https://files.pythonhosted.org/packages/77/d4/e1f63f1b4fe97a12f2dbe76feba678b2a35fd2d9d9c8c60ba94a271f01e8/wxpython-4.2.4-cp313-cp313-win_amd64.whl", hash = "sha256:a0a532ee6e6a3ce0d1fb2e223159d4b8ec42f8a844c852da936fb23cba6b9335", size = 16549467, upload-time = "2025-10-29T04:02:36.666Z" },
    { url = "https://files.pythonhosted.org/packages/b3/1e/df43d6fcbde2389894a068e7d41d44820a19f1bb7a78daa8fb687cd8f1a8/wxpython-4.2.4-cp313-cp313-win_arm64.whl", hash = "sha256:e82ab099df0b6c55bcfad198822648a6275bbb575ce09502a9085b290ec9852d", size = 15533173, upload-time = "2025-10-29T04:02:39.139Z" },
    { url = "https://files.pythonhosted.org/packages/b3/a4/4af3229c6629a6469f6a6f3a2cf060d0259c171bc446991e374717115c32/wxpython-4.2.4-cp314-cp314-macosx_10_15_x86_64.whl", hash = "sha256:20bdd73d51c4fcc9f026a059d95654aaf68540562faf23340a2224fdfa319798", size = 18783337, upload-time = "2025-10-29T04:02:41.328Z" },
    { url = "https://files.pythonhosted.org/packages/e3/8f/5f1ac8e0d681cf3396acd49ce762b334f3fb754b54d96d5386e17e174eb4/wxpython-4.2.4-cp314-cp314-macosx_11_0_arm64.whl", hash = "sha256:4842f9639869e455a032ef7471d974c0c8c8b7d9ba73327982d84b9d96537a08", size = 17845443, upload-time = "2025-10-29T04:02:43.551Z" },
    { url = "https://files.pythonhosted.org/packages/72/6e/62f3c7c2f509057888ad87d141c4c77d375cfb8e4ac820654d3b972b529f/wxpython-4.2.4-cp314-cp314-win32.whl", hash = "sha256:7e7c3baa2aab55f1c0a14fdd1b371f8ec0cff1cc2f6171497643f977b243f750", size = 14848210, upload-time = "2025-10-29T04:02:45.812Z" },
    { url = "https://files.pythonhosted.org/packages/27/e0/6d6762d2857963abc06f56fc14a605d1c69d83b0abf3a0702fcffb78bf3a/wxpython-4.2.4-cp314-cp314-win_amd64.whl", hash = "sha256:dae6d80067f64498e530d2c5f47c81f5f1a6f32e820b3b59f05062c1629ff97d", size = 16918656, upload-time = "2025-10-29T04:02:48.273Z" },
    { url = "https://files.pythonhosted.org/packages/ff/2d/d437e56efe7e1ec5bb7af59d6651913e18e3fa9ecdacdec7a129d5285baa/wxpython-4.2.4-cp314-cp314-win_arm64.whl", hash = "sha256:f7b649542969c2221d2963695de11c74c12060e83d412f4017ba03e7787c9c5d", size = 15807097, upload-time = "2025-10-29T04:02:51.066Z" },
]
